{
    "name": "@sircfenner/studiocomponents",
    "version": "1.1.0",
    "lockfileVersion": 3,
    "requires": true,
    "packages": {
        "": {
            "name": "@sircfenner/studiocomponents",
            "version": "1.1.0",
            "license": "MIT",
            "dependencies": {
                "@jsdotlua/react": "^17.1.0",
                "@jsdotlua/react-roblox": "^17.1.0"
            },
            "devDependencies": {
                "npmluau": "^0.1.1"
            }
        },
        "node_modules/@jsdotlua/boolean": {
            "version": "1.2.6",
            "license": "MIT",
            "dependencies": {
                "@jsdotlua/number": "^1.2.6"
            }
        },
        "node_modules/@jsdotlua/collections": {
            "version": "1.2.6",
            "license": "MIT",
            "dependencies": {
                "@jsdotlua/es7-types": "^1.2.6",
                "@jsdotlua/instance-of": "^1.2.6"
            }
        },
        "node_modules/@jsdotlua/console": {
            "version": "1.2.6",
            "license": "MIT",
            "dependencies": {
                "@jsdotlua/collections": "^1.2.6"
            }
        },
        "node_modules/@jsdotlua/es7-types": {
            "version": "1.2.6",
            "license": "MIT"
        },
        "node_modules/@jsdotlua/instance-of": {
            "version": "1.2.6",
            "license": "MIT"
        },
        "node_modules/@jsdotlua/luau-polyfill": {
            "version": "1.2.6",
            "license": "MIT",
            "dependencies": {
                "@jsdotlua/boolean": "^1.2.6",
                "@jsdotlua/collections": "^1.2.6",
                "@jsdotlua/console": "^1.2.6",
                "@jsdotlua/es7-types": "^1.2.6",
                "@jsdotlua/instance-of": "^1.2.6",
                "@jsdotlua/math": "^1.2.6",
                "@jsdotlua/number": "^1.2.6",
                "@jsdotlua/string": "^1.2.6",
                "@jsdotlua/timers": "^1.2.6",
                "symbol-luau": "^1.0.0"
            }
        },
        "node_modules/@jsdotlua/math": {
            "version": "1.2.6",
            "license": "MIT"
        },
        "node_modules/@jsdotlua/number": {
            "version": "1.2.6",
            "license": "MIT"
        },
        "node_modules/@jsdotlua/promise": {
            "version": "3.5.0",
            "license": "MIT"
        },
        "node_modules/@jsdotlua/react": {
            "version": "17.1.0",
            "license": "MIT",
            "dependencies": {
                "@jsdotlua/luau-polyfill": "^1.2.6",
                "@jsdotlua/shared": "^17.1.0"
            }
        },
        "node_modules/@jsdotlua/react-reconciler": {
            "version": "17.1.0",
            "license": "MIT",
            "dependencies": {
                "@jsdotlua/luau-polyfill": "^1.2.6",
                "@jsdotlua/promise": "^3.5.0",
                "@jsdotlua/react": "^17.1.0",
                "@jsdotlua/scheduler": "^17.1.0",
                "@jsdotlua/shared": "^17.1.0"
            }
        },
        "node_modules/@jsdotlua/react-roblox": {
            "version": "17.1.0",
            "license": "MIT",
            "dependencies": {
                "@jsdotlua/luau-polyfill": "^1.2.6",
                "@jsdotlua/react": "^17.1.0",
                "@jsdotlua/react-reconciler": "^17.1.0",
                "@jsdotlua/scheduler": "^17.1.0",
                "@jsdotlua/shared": "^17.1.0"
            }
        },
        "node_modules/@jsdotlua/scheduler": {
            "version": "17.1.0",
            "license": "MIT",
            "dependencies": {
                "@jsdotlua/luau-polyfill": "^1.2.6",
                "@jsdotlua/shared": "^17.1.0"
            }
        },
        "node_modules/@jsdotlua/shared": {
            "version": "17.1.0",
            "license": "MIT",
            "dependencies": {
                "@jsdotlua/luau-polyfill": "^1.2.6"
            }
        },
        "node_modules/@jsdotlua/string": {
            "version": "1.2.6",
            "license": "MIT",
            "dependencies": {
                "@jsdotlua/es7-types": "^1.2.6",
                "@jsdotlua/number": "^1.2.6"
            }
        },
        "node_modules/@jsdotlua/timers": {
            "version": "1.2.6",
            "license": "MIT",
            "dependencies": {
                "@jsdotlua/collections": "^1.2.6"
            }
        },
        "node_modules/commander": {
            "version": "11.1.0",
            "dev": true,
            "license": "MIT",
            "engines": {
                "node": ">=16"
            }
        },
        "node_modules/npmluau": {
            "version": "0.1.1",
            "dev": true,
            "license": "MIT",
            "dependencies": {
                "commander": "^11.0.0",
                "walkdir": "^0.4.1"
            },
            "bin": {
                "npmluau": "main.js"
            }
        },
        "node_modules/symbol-luau": {
            "version": "1.0.1",
            "license": "MIT"
        },
        "node_modules/walkdir": {
            "version": "0.4.1",
            "dev": true,
            "license": "MIT",
            "engines": {
                "node": ">=6.0.0"
            }
        }
    }
}
